{
	"name": ".new-pack",
	"lockfileVersion": 2,
	"requires": true,
	"packages": {
		"": {
			"dependencies": {
				"caller-callsite": "^5.0.0",
				"crypto": "^1.0.1",
				"fs": "^0.0.1-security"
			}
		},
		"node_modules/caller-callsite": {
			"version": "5.0.0",
			"resolved": "https://registry.npmjs.org/caller-callsite/-/caller-callsite-5.0.0.tgz",
			"integrity": "sha512-l3+xZHsuNlFjchy1nl1kpQwi7PhKHgtQ7MOx5ijHwlouAjnwRNjq3AlxH8SGuWiF5XAhb/mSH+c90LIDFjJKtA==",
			"dependencies": {
				"callsites": "^4.0.0"
			},
			"engines": {
				"node": "^12.20.0 || ^14.13.1 || >=16.0.0"
			},
			"funding": {
				"url": "https://github.com/sponsors/sindresorhus"
			}
		},
		"node_modules/callsites": {
			"version": "4.0.0",
			"resolved": "https://registry.npmjs.org/callsites/-/callsites-4.0.0.tgz",
			"integrity": "sha512-y3jRROutgpKdz5vzEhWM34TidDU8vkJppF8dszITeb1PQmSqV3DTxyV8G/lyO/DNvtE1YTedehmw9MPZsCBHxQ==",
			"engines": {
				"node": ">=12.20"
			},
			"funding": {
				"url": "https://github.com/sponsors/sindresorhus"
			}
		},
		"node_modules/crypto": {
			"version": "1.0.1",
			"license": "ISC"
		},
		"node_modules/fs": {
			"version": "0.0.1-security",
			"license": "ISC"
		}
	},
	"dependencies": {
		"caller-callsite": {
			"version": "5.0.0",
			"resolved": "https://registry.npmjs.org/caller-callsite/-/caller-callsite-5.0.0.tgz",
			"integrity": "sha512-l3+xZHsuNlFjchy1nl1kpQwi7PhKHgtQ7MOx5ijHwlouAjnwRNjq3AlxH8SGuWiF5XAhb/mSH+c90LIDFjJKtA==",
			"requires": {
				"callsites": "^4.0.0"
			}
		},
		"callsites": {
			"version": "4.0.0",
			"resolved": "https://registry.npmjs.org/callsites/-/callsites-4.0.0.tgz",
			"integrity": "sha512-y3jRROutgpKdz5vzEhWM34TidDU8vkJppF8dszITeb1PQmSqV3DTxyV8G/lyO/DNvtE1YTedehmw9MPZsCBHxQ=="
		},
		"crypto": {
			"version": "1.0.1"
		},
		"fs": {
			"version": "0.0.1-security"
		}
	}
}
